
Microsoft Visual Studio Solution File, Format Version 12.00
# Visual Studio Version 16
VisualStudioVersion = 16.0.30104.148
MinimumVisualStudioVersion = 10.0.40219.1
Project("{FAE04EC0-301F-11D3-BF4B-00C04F79EFBC}") = "CoreCourse.StarterProject.Web", "CoreCourse.StarterProject.Web\CoreCourse.StarterProject.Web.csproj", "{5FEEE326-2ABF-4EB3-98AE-6A6862FF27FC}"
EndProject
Global
	GlobalSection(SolutionConfigurationPlatforms) = preSolution
		Debug|Any CPU = Debug|Any CPU
		Release|Any CPU = Release|Any CPU
	EndGlobalSection
	GlobalSection(ProjectConfigurationPlatforms) = postSolution
		{5FEEE326-2ABF-4EB3-98AE-6A6862FF27FC}.Debug|Any CPU.ActiveCfg = Debug|Any CPU
		{5FEEE326-2ABF-4EB3-98AE-6A6862FF27FC}.Debug|Any CPU.Build.0 = Debug|Any CPU
		{5FEEE326-2ABF-4EB3-98AE-6A6862FF27FC}.Release|Any CPU.ActiveCfg = Release|Any CPU
		{5FEEE326-2ABF-4EB3-98AE-6A6862FF27FC}.Release|Any CPU.Build.0 = Release|Any CPU
	EndGlobalSection
	GlobalSection(SolutionProperties) = preSolution
		HideSolutionNode = FALSE
	EndGlobalSection
	GlobalSection(ExtensibilityGlobals) = postSolution
		SolutionGuid = {3FC2D46B-A3F4-47BD-A474-779AC2B74BFE}
	EndGlobalSection
EndGlobal
